
Microsoft Visual Studio Solution File, Format Version 12.00
# Visual Studio Version 17
VisualStudioVersion = 17.4.33110.190
MinimumVisualStudioVersion = 10.0.40219.1
Project("{FAE04EC0-301F-11D3-BF4B-00C04F79EFBC}") = "Tendencia-Algotitmo", "Tendencia-Algotitmo\Tendencia-Algotitmo.csproj", "{6C4501F5-4A5B-4050-9EF2-6367DA3A6453}"
EndProject
Project("{FAE04EC0-301F-11D3-BF4B-00C04F79EFBC}") = "TestProject1", "TestProject1\TestProject1.csproj", "{01BA8D6A-319D-4A8F-8325-DCBFC67FD793}"
EndProject
Global
	GlobalSection(SolutionConfigurationPlatforms) = preSolution
		Debug|Any CPU = Debug|Any CPU
		Release|Any CPU = Release|Any CPU
	EndGlobalSection
	GlobalSection(ProjectConfigurationPlatforms) = postSolution
		{6C4501F5-4A5B-4050-9EF2-6367DA3A6453}.Debug|Any CPU.ActiveCfg = Debug|Any CPU
		{6C4501F5-4A5B-4050-9EF2-6367DA3A6453}.Debug|Any CPU.Build.0 = Debug|Any CPU
		{6C4501F5-4A5B-4050-9EF2-6367DA3A6453}.Release|Any CPU.ActiveCfg = Release|Any CPU
		{6C4501F5-4A5B-4050-9EF2-6367DA3A6453}.Release|Any CPU.Build.0 = Release|Any CPU
		{01BA8D6A-319D-4A8F-8325-DCBFC67FD793}.Debug|Any CPU.ActiveCfg = Debug|Any CPU
		{01BA8D6A-319D-4A8F-8325-DCBFC67FD793}.Debug|Any CPU.Build.0 = Debug|Any CPU
		{01BA8D6A-319D-4A8F-8325-DCBFC67FD793}.Release|Any CPU.ActiveCfg = Release|Any CPU
		{01BA8D6A-319D-4A8F-8325-DCBFC67FD793}.Release|Any CPU.Build.0 = Release|Any CPU
	EndGlobalSection
	GlobalSection(SolutionProperties) = preSolution
		HideSolutionNode = FALSE
	EndGlobalSection
	GlobalSection(ExtensibilityGlobals) = postSolution
		SolutionGuid = {108B2C8D-A787-4284-BD61-7D636C818D1D}
	EndGlobalSection
EndGlobal
